PODS:
  - boost (1.76.0)
  - DoubleConversion (1.1.6)
  - FBLazyVector (0.72.5-0)
  - FBReactNativeSpec (0.72.5-0):
    - RCT-Folly (= 2021.07.22.00)
    - RCTRequired (= 0.72.5-0)
    - RCTTypeSafety (= 0.72.5-0)
    - React-Core (= 0.72.5-0)
    - React-jsi (= 0.72.5-0)
    - ReactCommon/turbomodule/core (= 0.72.5-0)
  - fmt (7.1.3)
  - glog (0.3.5)
  - hermes-engine (0.72.5-0):
    - hermes-engine/Pre-built (= 0.72.5-0)
  - hermes-engine/Pre-built (0.72.5-0)
  - libevent (2.1.12.1)
  - libwebp (1.3.2):
    - libwebp/demux (= 1.3.2)
    - libwebp/mux (= 1.3.2)
    - libwebp/sharpyuv (= 1.3.2)
    - libwebp/webp (= 1.3.2)
  - libwebp/demux (1.3.2):
    - libwebp/webp
  - libwebp/mux (1.3.2):
    - libwebp/demux
  - libwebp/sharpyuv (1.3.2)
  - libwebp/webp (1.3.2):
    - libwebp/sharpyuv
  - PromisesObjC (2.3.1)
  - PromisesSwift (2.3.1):
    - PromisesObjC (= 2.3.1)
  - RCT-Folly (2021.07.22.00):
    - boost
    - DoubleConversion
    - fmt
    - glog
    - RCT-Folly/Default (= 2021.07.22.00)
  - RCT-Folly/Default (2021.07.22.00):
    - boost
    - DoubleConversion
    - fmt
    - glog
  - RCT-Folly/Futures (2021.07.22.00):
    - boost
    - DoubleConversion
    - fmt
    - glog
    - libevent
  - RCTRequired (0.72.5-0)
  - RCTTypeSafety (0.72.5-0):
    - FBLazyVector (= 0.72.5-0)
    - RCTRequired (= 0.72.5-0)
    - React-Core (= 0.72.5-0)
  - React (0.72.5-0):
    - React-Core (= 0.72.5-0)
    - React-Core/DevSupport (= 0.72.5-0)
    - React-Core/RCTWebSocket (= 0.72.5-0)
    - React-RCTAnimation (= 0.72.5-0)
    - React-RCTBlob (= 0.72.5-0)
    - React-RCTImage (= 0.72.5-0)
    - React-RCTLinking (= 0.72.5-0)
    - React-RCTNetwork (= 0.72.5-0)
    - React-RCTSettings (= 0.72.5-0)
    - React-RCTText (= 0.72.5-0)
  - React-callinvoker (0.72.5-0)
  - React-Codegen (0.72.5-0):
    - DoubleConversion
    - FBReactNativeSpec
    - glog
    - hermes-engine
    - RCT-Folly
    - RCTRequired
    - RCTTypeSafety
    - React-Core
    - React-jsi
    - React-jsiexecutor
    - React-NativeModulesApple
    - React-rncore
    - ReactCommon/turbomodule/bridging
    - ReactCommon/turbomodule/core
  - React-Core (0.72.5-0):
    - glog
    - hermes-engine
    - RCT-Folly (= 2021.07.22.00)
    - React-Core/Default (= 0.72.5-0)
    - React-cxxreact
    - React-hermes
    - React-jsi
    - React-jsiexecutor
    - React-perflogger
    - React-runtimeexecutor
    - React-utils
    - SocketRocket (= 0.6.1)
    - Yoga
  - React-Core/CoreModulesHeaders (0.72.5-0):
    - glog
    - hermes-engine
    - RCT-Folly (= 2021.07.22.00)
    - React-Core/Default
    - React-cxxreact
    - React-hermes
    - React-jsi
    - React-jsiexecutor
    - React-perflogger
    - React-runtimeexecutor
    - React-utils
    - SocketRocket (= 0.6.1)
    - Yoga
  - React-Core/Default (0.72.5-0):
    - glog
    - hermes-engine
    - RCT-Folly (= 2021.07.22.00)
    - React-cxxreact
    - React-hermes
    - React-jsi
    - React-jsiexecutor
    - React-perflogger
    - React-runtimeexecutor
    - React-utils
    - SocketRocket (= 0.6.1)
    - Yoga
  - React-Core/DevSupport (0.72.5-0):
    - glog
    - hermes-engine
    - RCT-Folly (= 2021.07.22.00)
    - React-Core/Default (= 0.72.5-0)
    - React-Core/RCTWebSocket (= 0.72.5-0)
    - React-cxxreact
    - React-hermes
    - React-jsi
    - React-jsiexecutor
    - React-jsinspector (= 0.72.5-0)
    - React-perflogger
    - React-runtimeexecutor
    - React-utils
    - SocketRocket (= 0.6.1)
    - Yoga
  - React-Core/RCTActionSheetHeaders (0.72.5-0):
    - glog
    - hermes-engine
    - RCT-Folly (= 2021.07.22.00)
    - React-Core/Default
    - React-cxxreact
    - React-hermes
    - React-jsi
    - React-jsiexecutor
    - React-perflogger
    - React-runtimeexecutor
    - React-utils
    - SocketRocket (= 0.6.1)
    - Yoga
  - React-Core/RCTAnimationHeaders (0.72.5-0):
    - glog
    - hermes-engine
    - RCT-Folly (= 2021.07.22.00)
    - React-Core/Default
    - React-cxxreact
    - React-hermes
    - React-jsi
    - React-jsiexecutor
    - React-perflogger
    - React-runtimeexecutor
    - React-utils
    - SocketRocket (= 0.6.1)
    - Yoga
  - React-Core/RCTBlobHeaders (0.72.5-0):
    - glog
    - hermes-engine
    - RCT-Folly (= 2021.07.22.00)
    - React-Core/Default
    - React-cxxreact
    - React-hermes
    - React-jsi
    - React-jsiexecutor
    - React-perflogger
    - React-runtimeexecutor
    - React-utils
    - SocketRocket (= 0.6.1)
    - Yoga
  - React-Core/RCTImageHeaders (0.72.5-0):
    - glog
    - hermes-engine
    - RCT-Folly (= 2021.07.22.00)
    - React-Core/Default
    - React-cxxreact
    - React-hermes
    - React-jsi
    - React-jsiexecutor
    - React-perflogger
    - React-runtimeexecutor
    - React-utils
    - SocketRocket (= 0.6.1)
    - Yoga
  - React-Core/RCTLinkingHeaders (0.72.5-0):
    - glog
    - hermes-engine
    - RCT-Folly (= 2021.07.22.00)
    - React-Core/Default
    - React-cxxreact
    - React-hermes
    - React-jsi
    - React-jsiexecutor
    - React-perflogger
    - React-runtimeexecutor
    - React-utils
    - SocketRocket (= 0.6.1)
    - Yoga
  - React-Core/RCTNetworkHeaders (0.72.5-0):
    - glog
    - hermes-engine
    - RCT-Folly (= 2021.07.22.00)
    - React-Core/Default
    - React-cxxreact
    - React-hermes
    - React-jsi
    - React-jsiexecutor
    - React-perflogger
    - React-runtimeexecutor
    - React-utils
    - SocketRocket (= 0.6.1)
    - Yoga
  - React-Core/RCTSettingsHeaders (0.72.5-0):
    - glog
    - hermes-engine
    - RCT-Folly (= 2021.07.22.00)
    - React-Core/Default
    - React-cxxreact
    - React-hermes
    - React-jsi
    - React-jsiexecutor
    - React-perflogger
    - React-runtimeexecutor
    - React-utils
    - SocketRocket (= 0.6.1)
    - Yoga
  - React-Core/RCTTextHeaders (0.72.5-0):
    - glog
    - hermes-engine
    - RCT-Folly (= 2021.07.22.00)
    - React-Core/Default
    - React-cxxreact
    - React-hermes
    - React-jsi
    - React-jsiexecutor
    - React-perflogger
    - React-runtimeexecutor
    - React-utils
    - SocketRocket (= 0.6.1)
    - Yoga
  - React-Core/RCTWebSocket (0.72.5-0):
    - glog
    - hermes-engine
    - RCT-Folly (= 2021.07.22.00)
    - React-Core/Default (= 0.72.5-0)
    - React-cxxreact
    - React-hermes
    - React-jsi
    - React-jsiexecutor
    - React-perflogger
    - React-runtimeexecutor
    - React-utils
    - SocketRocket (= 0.6.1)
    - Yoga
  - React-CoreModules (0.72.5-0):
    - RCT-Folly (= 2021.07.22.00)
    - RCTTypeSafety (= 0.72.5-0)
    - React-Codegen (= 0.72.5-0)
    - React-Core/CoreModulesHeaders (= 0.72.5-0)
    - React-jsi (= 0.72.5-0)
    - React-RCTBlob
    - React-RCTImage (= 0.72.5-0)
    - ReactCommon/turbomodule/core (= 0.72.5-0)
    - SocketRocket (= 0.6.1)
  - React-cxxreact (0.72.5-0):
    - boost (= 1.76.0)
    - DoubleConversion
    - glog
    - hermes-engine
    - RCT-Folly (= 2021.07.22.00)
    - React-callinvoker (= 0.72.5-0)
    - React-debug (= 0.72.5-0)
    - React-jsi (= 0.72.5-0)
    - React-jsinspector (= 0.72.5-0)
    - React-logger (= 0.72.5-0)
    - React-perflogger (= 0.72.5-0)
    - React-runtimeexecutor (= 0.72.5-0)
  - React-debug (0.72.5-0)
  - React-hermes (0.72.5-0):
    - DoubleConversion
    - glog
    - hermes-engine
    - RCT-Folly (= 2021.07.22.00)
    - RCT-Folly/Futures (= 2021.07.22.00)
    - React-cxxreact (= 0.72.5-0)
    - React-jsi
    - React-jsiexecutor (= 0.72.5-0)
    - React-jsinspector (= 0.72.5-0)
    - React-perflogger (= 0.72.5-0)
  - React-jsi (0.72.5-0):
    - boost (= 1.76.0)
    - DoubleConversion
    - glog
    - hermes-engine
    - RCT-Folly (= 2021.07.22.00)
  - React-jsiexecutor (0.72.5-0):
    - DoubleConversion
    - glog
    - hermes-engine
    - RCT-Folly (= 2021.07.22.00)
    - React-cxxreact (= 0.72.5-0)
    - React-jsi (= 0.72.5-0)
    - React-perflogger (= 0.72.5-0)
  - React-jsinspector (0.72.5-0)
  - React-logger (0.72.5-0):
    - glog
  - react-native-safe-area-context (4.7.4):
    - React-Core
  - react-native-video (6.0.0-beta.0):
    - React-Core
    - react-native-video/Video (= 6.0.0-beta.0)
  - react-native-video/Video (6.0.0-beta.0):
    - PromisesSwift
    - React-Core
  - React-NativeModulesApple (0.72.5-0):
    - hermes-engine
    - React-callinvoker
    - React-Core
    - React-cxxreact
    - React-jsi
    - React-runtimeexecutor
    - ReactCommon/turbomodule/bridging
    - ReactCommon/turbomodule/core
  - React-perflogger (0.72.5-0)
  - React-RCTActionSheet (0.72.5-0):
    - React-Core/RCTActionSheetHeaders (= 0.72.5-0)
  - React-RCTAnimation (0.72.5-0):
    - RCT-Folly (= 2021.07.22.00)
    - RCTTypeSafety (= 0.72.5-0)
    - React-Codegen (= 0.72.5-0)
    - React-Core/RCTAnimationHeaders (= 0.72.5-0)
    - React-jsi (= 0.72.5-0)
    - ReactCommon/turbomodule/core (= 0.72.5-0)
  - React-RCTAppDelegate (0.72.5-0):
    - RCT-Folly
    - RCTRequired
    - RCTTypeSafety
    - React-Core
    - React-CoreModules
    - React-hermes
    - React-NativeModulesApple
    - React-RCTImage
    - React-RCTNetwork
    - React-runtimescheduler
    - ReactCommon/turbomodule/core
  - React-RCTBlob (0.72.5-0):
    - hermes-engine
    - RCT-Folly (= 2021.07.22.00)
    - React-Codegen (= 0.72.5-0)
    - React-Core/RCTBlobHeaders (= 0.72.5-0)
    - React-Core/RCTWebSocket (= 0.72.5-0)
    - React-jsi (= 0.72.5-0)
    - React-RCTNetwork (= 0.72.5-0)
    - ReactCommon/turbomodule/core (= 0.72.5-0)
  - React-RCTImage (0.72.5-0):
    - RCT-Folly (= 2021.07.22.00)
    - RCTTypeSafety (= 0.72.5-0)
    - React-Codegen (= 0.72.5-0)
    - React-Core/RCTImageHeaders (= 0.72.5-0)
    - React-jsi (= 0.72.5-0)
    - React-RCTNetwork (= 0.72.5-0)
    - ReactCommon/turbomodule/core (= 0.72.5-0)
  - React-RCTLinking (0.72.5-0):
    - React-Codegen (= 0.72.5-0)
    - React-Core/RCTLinkingHeaders (= 0.72.5-0)
    - React-jsi (= 0.72.5-0)
    - ReactCommon/turbomodule/core (= 0.72.5-0)
  - React-RCTNetwork (0.72.5-0):
    - RCT-Folly (= 2021.07.22.00)
    - RCTTypeSafety (= 0.72.5-0)
    - React-Codegen (= 0.72.5-0)
    - React-Core/RCTNetworkHeaders (= 0.72.5-0)
    - React-jsi (= 0.72.5-0)
    - ReactCommon/turbomodule/core (= 0.72.5-0)
  - React-RCTSettings (0.72.5-0):
    - RCT-Folly (= 2021.07.22.00)
    - RCTTypeSafety (= 0.72.5-0)
    - React-Codegen (= 0.72.5-0)
    - React-Core/RCTSettingsHeaders (= 0.72.5-0)
    - React-jsi (= 0.72.5-0)
    - ReactCommon/turbomodule/core (= 0.72.5-0)
  - React-RCTText (0.72.5-0):
    - React-Core/RCTTextHeaders (= 0.72.5-0)
  - React-rncore (0.72.5-0)
  - React-runtimeexecutor (0.72.5-0):
    - React-jsi (= 0.72.5-0)
  - React-runtimescheduler (0.72.5-0):
    - glog
    - hermes-engine
    - RCT-Folly (= 2021.07.22.00)
    - React-callinvoker
    - React-debug
    - React-jsi
    - React-runtimeexecutor
  - React-utils (0.72.5-0):
    - glog
    - RCT-Folly (= 2021.07.22.00)
    - React-debug
  - ReactCommon/turbomodule/bridging (0.72.5-0):
    - DoubleConversion
    - glog
    - hermes-engine
    - RCT-Folly (= 2021.07.22.00)
    - React-callinvoker (= 0.72.5-0)
    - React-cxxreact (= 0.72.5-0)
    - React-jsi (= 0.72.5-0)
    - React-logger (= 0.72.5-0)
    - React-perflogger (= 0.72.5-0)
  - ReactCommon/turbomodule/core (0.72.5-0):
    - DoubleConversion
    - glog
    - hermes-engine
    - RCT-Folly (= 2021.07.22.00)
    - React-callinvoker (= 0.72.5-0)
    - React-cxxreact (= 0.72.5-0)
    - React-jsi (= 0.72.5-0)
    - React-logger (= 0.72.5-0)
    - React-perflogger (= 0.72.5-0)
  - RNFastImage (8.6.3):
    - React-Core
    - SDWebImage (~> 5.11.1)
    - SDWebImageWebPCoder (~> 0.8.4)
  - RNKeychain (8.1.2):
    - React-Core
  - RNReanimated (3.5.4):
    - DoubleConversion
    - FBLazyVector
    - glog
    - RCT-Folly
    - RCTRequired
    - RCTTypeSafety
    - React-callinvoker
    - React-Core
    - React-Core/DevSupport
    - React-Core/RCTWebSocket
    - React-CoreModules
    - React-cxxreact
    - React-jsi
    - React-jsiexecutor
    - React-jsinspector
    - React-RCTAnimation
    - React-RCTAppDelegate
    - React-RCTBlob
    - React-RCTImage
    - React-RCTLinking
    - React-RCTNetwork
    - React-RCTSettings
    - React-RCTText
    - ReactCommon/turbomodule/core
    - Yoga
  - RNScreens (3.27.0):
    - RCT-Folly (= 2021.07.22.00)
    - React-Core
  - RNSentry (5.14.1):
    - hermes-engine
    - React-Core
    - React-hermes
    - Sentry/HybridSDK (= 8.15.2)
  - RNVectorIcons (10.0.2):
    - RCT-Folly (= 2021.07.22.00)
    - React-Core
  - SDWebImage (5.11.1):
    - SDWebImage/Core (= 5.11.1)
  - SDWebImage/Core (5.11.1)
  - SDWebImageWebPCoder (0.8.5):
    - libwebp (~> 1.0)
    - SDWebImage/Core (~> 5.10)
  - Sentry/HybridSDK (8.15.2):
    - SentryPrivate (= 8.15.2)
  - SentryPrivate (8.15.2)
  - SocketRocket (0.6.1)
  - Yoga (1.14.0)

DEPENDENCIES:
  - boost (from `../node_modules/react-native/third-party-podspecs/boost.podspec`)
  - DoubleConversion (from `../node_modules/react-native/third-party-podspecs/DoubleConversion.podspec`)
  - FBLazyVector (from `../node_modules/react-native/Libraries/FBLazyVector`)
  - FBReactNativeSpec (from `../node_modules/react-native/React/FBReactNativeSpec`)
  - fmt (from `../node_modules/react-native/third-party-podspecs/fmt.podspec`)
  - glog (from `../node_modules/react-native/third-party-podspecs/glog.podspec`)
  - hermes-engine (from `../node_modules/react-native/sdks/hermes-engine/hermes-engine.podspec`)
  - libevent (~> 2.1.12)
  - RCT-Folly (from `../node_modules/react-native/third-party-podspecs/RCT-Folly.podspec`)
  - RCTRequired (from `../node_modules/react-native/Libraries/RCTRequired`)
  - RCTTypeSafety (from `../node_modules/react-native/Libraries/TypeSafety`)
  - React (from `../node_modules/react-native/`)
  - React-callinvoker (from `../node_modules/react-native/ReactCommon/callinvoker`)
  - React-Codegen (from `build/generated/ios`)
  - React-Core (from `../node_modules/react-native/`)
  - React-Core/RCTWebSocket (from `../node_modules/react-native/`)
  - React-CoreModules (from `../node_modules/react-native/React/CoreModules`)
  - React-cxxreact (from `../node_modules/react-native/ReactCommon/cxxreact`)
  - React-debug (from `../node_modules/react-native/ReactCommon/react/debug`)
  - React-hermes (from `../node_modules/react-native/ReactCommon/hermes`)
  - React-jsi (from `../node_modules/react-native/ReactCommon/jsi`)
  - React-jsiexecutor (from `../node_modules/react-native/ReactCommon/jsiexecutor`)
  - React-jsinspector (from `../node_modules/react-native/ReactCommon/jsinspector`)
  - React-logger (from `../node_modules/react-native/ReactCommon/logger`)
  - react-native-safe-area-context (from `../node_modules/react-native-safe-area-context`)
  - react-native-video (from `../node_modules/react-native-video`)
  - React-NativeModulesApple (from `../node_modules/react-native/ReactCommon/react/nativemodule/core/platform/ios`)
  - React-perflogger (from `../node_modules/react-native/ReactCommon/reactperflogger`)
  - React-RCTActionSheet (from `../node_modules/react-native/Libraries/ActionSheetIOS`)
  - React-RCTAnimation (from `../node_modules/react-native/Libraries/NativeAnimation`)
  - React-RCTAppDelegate (from `../node_modules/react-native/Libraries/AppDelegate`)
  - React-RCTBlob (from `../node_modules/react-native/Libraries/Blob`)
  - React-RCTImage (from `../node_modules/react-native/Libraries/Image`)
  - React-RCTLinking (from `../node_modules/react-native/Libraries/LinkingIOS`)
  - React-RCTNetwork (from `../node_modules/react-native/Libraries/Network`)
  - React-RCTSettings (from `../node_modules/react-native/Libraries/Settings`)
  - React-RCTText (from `../node_modules/react-native/Libraries/Text`)
  - React-rncore (from `../node_modules/react-native/ReactCommon`)
  - React-runtimeexecutor (from `../node_modules/react-native/ReactCommon/runtimeexecutor`)
  - React-runtimescheduler (from `../node_modules/react-native/ReactCommon/react/renderer/runtimescheduler`)
  - React-utils (from `../node_modules/react-native/ReactCommon/react/utils`)
  - ReactCommon/turbomodule/core (from `../node_modules/react-native/ReactCommon`)
  - RNFastImage (from `../node_modules/react-native-fast-image`)
  - RNKeychain (from `../node_modules/react-native-keychain`)
  - RNReanimated (from `../node_modules/react-native-reanimated`)
  - RNScreens (from `../node_modules/react-native-screens`)
  - "RNSentry (from `../node_modules/@sentry/react-native`)"
  - RNVectorIcons (from `../node_modules/react-native-vector-icons`)
  - Yoga (from `../node_modules/react-native/ReactCommon/yoga`)

SPEC REPOS:
  https://github.com/react-native-tvos/react-native-tvos-podspecs.git:
    - libevent
  trunk:
    - libwebp
    - PromisesObjC
    - PromisesSwift
    - SDWebImage
    - SDWebImageWebPCoder
    - Sentry
    - SentryPrivate
    - SocketRocket

EXTERNAL SOURCES:
  boost:
    :podspec: "../node_modules/react-native/third-party-podspecs/boost.podspec"
  DoubleConversion:
    :podspec: "../node_modules/react-native/third-party-podspecs/DoubleConversion.podspec"
  FBLazyVector:
    :path: "../node_modules/react-native/Libraries/FBLazyVector"
  FBReactNativeSpec:
    :path: "../node_modules/react-native/React/FBReactNativeSpec"
  fmt:
    :podspec: "../node_modules/react-native/third-party-podspecs/fmt.podspec"
  glog:
    :podspec: "../node_modules/react-native/third-party-podspecs/glog.podspec"
  hermes-engine:
    :podspec: "../node_modules/react-native/sdks/hermes-engine/hermes-engine.podspec"
    :tag: hermes-2023-08-25-RNv0.72.4-e4a5a201e51cc583b148e8d264a2b061e9408988
  RCT-Folly:
    :podspec: "../node_modules/react-native/third-party-podspecs/RCT-Folly.podspec"
  RCTRequired:
    :path: "../node_modules/react-native/Libraries/RCTRequired"
  RCTTypeSafety:
    :path: "../node_modules/react-native/Libraries/TypeSafety"
  React:
    :path: "../node_modules/react-native/"
  React-callinvoker:
    :path: "../node_modules/react-native/ReactCommon/callinvoker"
  React-Codegen:
    :path: build/generated/ios
  React-Core:
    :path: "../node_modules/react-native/"
  React-CoreModules:
    :path: "../node_modules/react-native/React/CoreModules"
  React-cxxreact:
    :path: "../node_modules/react-native/ReactCommon/cxxreact"
  React-debug:
    :path: "../node_modules/react-native/ReactCommon/react/debug"
  React-hermes:
    :path: "../node_modules/react-native/ReactCommon/hermes"
  React-jsi:
    :path: "../node_modules/react-native/ReactCommon/jsi"
  React-jsiexecutor:
    :path: "../node_modules/react-native/ReactCommon/jsiexecutor"
  React-jsinspector:
    :path: "../node_modules/react-native/ReactCommon/jsinspector"
  React-logger:
    :path: "../node_modules/react-native/ReactCommon/logger"
  react-native-safe-area-context:
    :path: "../node_modules/react-native-safe-area-context"
  react-native-video:
    :path: "../node_modules/react-native-video"
  React-NativeModulesApple:
    :path: "../node_modules/react-native/ReactCommon/react/nativemodule/core/platform/ios"
  React-perflogger:
    :path: "../node_modules/react-native/ReactCommon/reactperflogger"
  React-RCTActionSheet:
    :path: "../node_modules/react-native/Libraries/ActionSheetIOS"
  React-RCTAnimation:
    :path: "../node_modules/react-native/Libraries/NativeAnimation"
  React-RCTAppDelegate:
    :path: "../node_modules/react-native/Libraries/AppDelegate"
  React-RCTBlob:
    :path: "../node_modules/react-native/Libraries/Blob"
  React-RCTImage:
    :path: "../node_modules/react-native/Libraries/Image"
  React-RCTLinking:
    :path: "../node_modules/react-native/Libraries/LinkingIOS"
  React-RCTNetwork:
    :path: "../node_modules/react-native/Libraries/Network"
  React-RCTSettings:
    :path: "../node_modules/react-native/Libraries/Settings"
  React-RCTText:
    :path: "../node_modules/react-native/Libraries/Text"
  React-rncore:
    :path: "../node_modules/react-native/ReactCommon"
  React-runtimeexecutor:
    :path: "../node_modules/react-native/ReactCommon/runtimeexecutor"
  React-runtimescheduler:
    :path: "../node_modules/react-native/ReactCommon/react/renderer/runtimescheduler"
  React-utils:
    :path: "../node_modules/react-native/ReactCommon/react/utils"
  ReactCommon:
    :path: "../node_modules/react-native/ReactCommon"
  RNFastImage:
    :path: "../node_modules/react-native-fast-image"
  RNKeychain:
    :path: "../node_modules/react-native-keychain"
  RNReanimated:
    :path: "../node_modules/react-native-reanimated"
  RNScreens:
    :path: "../node_modules/react-native-screens"
  RNSentry:
    :path: "../node_modules/@sentry/react-native"
  RNVectorIcons:
    :path: "../node_modules/react-native-vector-icons"
  Yoga:
    :path: "../node_modules/react-native/ReactCommon/yoga"

SPEC CHECKSUMS:
  boost: 0ed1b9a58a27b2f7885dc9f279bc3b341f44512b
  DoubleConversion: 234abba95e31cc2aada0cf3b97cdb11bc5b90575
  FBLazyVector: 7c16732a6fa70b1ce826df60dc872b6ca90bd9c5
  FBReactNativeSpec: aeffa690b6f4ceb8b2c4c23f4442a015dc5ac6e7
  fmt: 135c0c55547979f715b56dfa54037ececa96d07a
  glog: a2ded9bf28f0cb2fce90ad21eb419299a500ff6c
  hermes-engine: c66c5fa5e7958b1d63d808c1674d774b30778458
  libevent: a6d75fcd7be07cbc5070300ea8dbc8d55dfab88e
  libwebp: 1786c9f4ff8a279e4dac1e8f385004d5fc253009
  PromisesObjC: c50d2056b5253dadbd6c2bea79b0674bd5a52fa4
  PromisesSwift: 28dca69a9c40779916ac2d6985a0192a5cb4a265
  RCT-Folly: 136e9161a833a162fe3e8b647098759aae227036
  RCTRequired: 4a9f1c57d8f908e4618303d5881cf2eccbcdcc9a
  RCTTypeSafety: ef18ddc37f902146cedb4303921610d462ce0d6c
  React: fedc236b9db00940197bf6464bf1b2567da4dc02
  React-callinvoker: 2cfa6c070af431dd6d048f94ccbbd8515bcf771a
  React-Codegen: e132e610696126ff6c35b22df453d84a6f606f0d
  React-Core: 63e44f6bc7d3a1a23ec34cd27679358e30f4808f
  React-CoreModules: 4db77209cb89e150513b8d96c1724095d01b0d7b
  React-cxxreact: b6d49923799ce53667597812b6e5f0455c212d06
  React-debug: a812f8ecabba17dfed7dc06ac12a362447224385
  React-hermes: fa9d5207740ae9560c8af1d95bc7b2148e3fa6ce
  React-jsi: 72cd2713dda7dde8494d7d4c665594014a97d990
  React-jsiexecutor: 2de64f012fbab60429e33435af10b7e63b4338be
  React-jsinspector: b8bc6bc63aef8369338d7105546b4bf0b388a602
  React-logger: 97f9f4d209f3ffd46b836df7022ecc084372223e
  react-native-safe-area-context: 2cd91d532de12acdb0a9cbc8d43ac72a8e4c897c
  react-native-video: e9e6fe3ab11d515bd79abd5d81e07db538943c56
  React-NativeModulesApple: 7498fedffe6592a9984fd975dd99a1907c870370
  React-perflogger: 8b20d41bbb3ba5c53da2725ebfa30492fe4cd401
  React-RCTActionSheet: 5ec2533e73b1aa2940acc11d81ddcd41b4d604be
  React-RCTAnimation: 4952060a154415a3293340f91f6e661806fd7420
  React-RCTAppDelegate: a94e536d4bc49fe63b163df01c44602b17d52070
  React-RCTBlob: 030eeceb7c0e5db508b958df53180b860f7b0f85
  React-RCTImage: d6d6fab1d5fa39d1aa6507e8f30857c50189b7b9
  React-RCTLinking: eca55d46de840601f144e60eee23856a362c2fa9
  React-RCTNetwork: 16a2ff0946623c7dddb4640485c8f4388de19b77
  React-RCTSettings: c72776b9913c93f297e8e6d0d7b00eaa13804d33
  React-RCTText: 81ff3d5844e6f7fae0c39078d8e37c1a57e96038
  React-rncore: aceb9ce73c91ba2366aea7653bd352063e781ebc
  React-runtimeexecutor: 4f7293b13240b208ab4aa08f5617995564f53e23
  React-runtimescheduler: 8707d6a684a1bf48b0708138a5d3bef663e25e9d
  React-utils: cbfd4ecc1b47a3b826390bf12eb9472322761adb
  ReactCommon: 1ba8874ba851797e75c3b2cf46b0f687ee928fb1
  RNFastImage: 5c9c9fed9c076e521b3f509fe79e790418a544e8
  RNKeychain: a65256b6ca6ba6976132cc4124b238a5b13b3d9c
  RNReanimated: 89568bd6754413a03e12a0d3eb8a9e443004faa9
  RNScreens: 3c2d122f5e08c192e254c510b212306da97d2581
  RNSentry: ee1a9a80996414205d84ce9180c31bd855fd4641
  RNVectorIcons: 23b6e11af4aaf104d169b1b0afa7e5cf96c676ce
  SDWebImage: a7f831e1a65eb5e285e3fb046a23fcfbf08e696d
  SDWebImageWebPCoder: 908b83b6adda48effe7667cd2b7f78c897e5111d
  Sentry: 6f5742b4c47c17c9adcf265f6f328cf4a0ed1923
  SentryPrivate: b2f7996f37781080f04a946eb4e377ff63c64195
  SocketRocket: f32cd54efbe0f095c4d7594881e52619cfe80b17
  Yoga: 1dcb46c99a788471029b7692ef806881a8616be8

PODFILE CHECKSUM: 76da4f871757b9474f50cffee0d6b61d4eafdc3d

COCOAPODS: 1.14.2
